<Solution>
  <Project Path="InsureYoAI.API/InsureYoAI.API.csproj" Id="4cd3a656-570c-43d3-8a64-9a03195efcff" />
  <Project Path="InsureYouAI.Business/InsureYouAI.Business.csproj" />
  <Project Path="InsureYouAI.DataAccess/InsureYouAI.DataAccess.csproj" />
  <Project Path="InsureYouAI.Entity/InsureYouAI.Entity.csproj" />
  <Project Path="InsureYouAI.WebUI/InsureYouAI.WebUI.csproj" />
</Solution>
